PODS:
  - Alamofire (5.4.3)
  - Apollo (1.9.0):
    - Apollo/Core (= 1.9.0)
  - Apollo/Core (1.9.0)
  - FileKit (5.2.0)
  - Gifu (3.3.1)
  - lottie-ios (3.2.3)
  - Nuke (10.6.1)
  - NukeUI (0.7.0):
    - Gifu (~> 3.0)
    - Nuke (~> 10.5)
  - PositionScrollView (1.0.2)
  - SDWebImage (5.11.1):
    - SDWebImage/Core (= 5.11.1)
  - SDWebImage/Core (5.11.1)
  - SDWebImageSwiftUI (2.0.2):
    - SDWebImage (~> 5.10)
  - SuperResolutionKit (0.0.1)
  - SwiftUIPager (2.2.0)
  - ZIPFoundation (0.9.16)

DEPENDENCIES:
  - Alamofire (~> 5.2)
  - Apollo
  - FileKit (~> 5.2.0)
  - lottie-ios
  - Nuke
  - NukeUI
  - PositionScrollView
  - SDWebImageSwiftUI
  - SuperResolutionKit
  - SwiftUIPager
  - ZIPFoundation (~> 0.9.16)

SPEC REPOS:
  trunk:
    - Alamofire
    - Apollo
    - FileKit
    - Gifu
    - lottie-ios
    - Nuke
    - NukeUI
    - PositionScrollView
    - SDWebImage
    - SDWebImageSwiftUI
    - SuperResolutionKit
    - SwiftUIPager
    - ZIPFoundation

SPEC CHECKSUMS:
  Alamofire: e447a2774a40c996748296fa2c55112fdbbc42f9
  Apollo: b917452d3e05452c080e18cdb8ad45a74d484979
  FileKit: 10bfd8a3023a0b09f24c9f49546cbbddf43fd464
  Gifu: 416d4e38c4c2fed012f019e0a1d3ffcb58e5b842
  lottie-ios: c058aeafa76daa4cf64d773554bccc8385d0150e
  Nuke: 3ca210aee6d90756605c5125cbe40569fd9c06f7
  NukeUI: 06a41aaf132137da19a05ec4095860e823e45a83
  PositionScrollView: 02bcd74f08acf23a48d89313c94c4d3a72112536
  SDWebImage: a7f831e1a65eb5e285e3fb046a23fcfbf08e696d
  SDWebImageSwiftUI: 8a3923c95108312b03a599ec1498754af55a6819
  SuperResolutionKit: 06f39f0cb7a6523d93e1243799aea7e758b49bf3
  SwiftUIPager: b7f0280c679285c7c9cf98d3593696962c15d107
  ZIPFoundation: d170fa8e270b2a32bef9dcdcabff5b8f1a5deced

PODFILE CHECKSUM: 1b504edc5005e121c357f15340bc4bbf249891bd

COCOAPODS: 1.14.3
